
Microsoft Visual Studio Solution File, Format Version 12.00
# Visual Studio 15
VisualStudioVersion = 15.0.27428.2027
MinimumVisualStudioVersion = 10.0.40219.1
Project("{FAE04EC0-301F-11D3-BF4B-00C04F79EFBC}") = "SoftwareAG", "SoftwareAG\SoftwareAG.csproj", "{C2425A62-D366-4FC9-903D-88310C3E8A98}"
EndProject
Project("{FAE04EC0-301F-11D3-BF4B-00C04F79EFBC}") = "SoftwareAG.Services", "SoftwareAG.Services\SoftwareAG.Services.csproj", "{24DEC83C-DA3B-486F-8661-B433A24C6D4E}"
EndProject
Project("{FAE04EC0-301F-11D3-BF4B-00C04F79EFBC}") = "SoftwareAG.DTO", "SoftwareAG.DTO\SoftwareAG.DTO.csproj", "{D1ADE29E-8CD0-4EDE-94CB-DAE3CCC9473E}"
EndProject
Project("{FAE04EC0-301F-11D3-BF4B-00C04F79EFBC}") = "SoftwareAG.Infrastructure", "SoftwareAG.Infrastructure\SoftwareAG.Infrastructure.csproj", "{EC07CFDB-36AB-45EA-9D72-086D800785C7}"
EndProject
Global
	GlobalSection(SolutionConfigurationPlatforms) = preSolution
		Debug|Any CPU = Debug|Any CPU
		Release|Any CPU = Release|Any CPU
	EndGlobalSection
	GlobalSection(ProjectConfigurationPlatforms) = postSolution
		{C2425A62-D366-4FC9-903D-88310C3E8A98}.Debug|Any CPU.ActiveCfg = Debug|Any CPU
		{C2425A62-D366-4FC9-903D-88310C3E8A98}.Debug|Any CPU.Build.0 = Debug|Any CPU
		{C2425A62-D366-4FC9-903D-88310C3E8A98}.Release|Any CPU.ActiveCfg = Release|Any CPU
		{C2425A62-D366-4FC9-903D-88310C3E8A98}.Release|Any CPU.Build.0 = Release|Any CPU
		{24DEC83C-DA3B-486F-8661-B433A24C6D4E}.Debug|Any CPU.ActiveCfg = Debug|Any CPU
		{24DEC83C-DA3B-486F-8661-B433A24C6D4E}.Debug|Any CPU.Build.0 = Debug|Any CPU
		{24DEC83C-DA3B-486F-8661-B433A24C6D4E}.Release|Any CPU.ActiveCfg = Release|Any CPU
		{24DEC83C-DA3B-486F-8661-B433A24C6D4E}.Release|Any CPU.Build.0 = Release|Any CPU
		{D1ADE29E-8CD0-4EDE-94CB-DAE3CCC9473E}.Debug|Any CPU.ActiveCfg = Debug|Any CPU
		{D1ADE29E-8CD0-4EDE-94CB-DAE3CCC9473E}.Debug|Any CPU.Build.0 = Debug|Any CPU
		{D1ADE29E-8CD0-4EDE-94CB-DAE3CCC9473E}.Release|Any CPU.ActiveCfg = Release|Any CPU
		{D1ADE29E-8CD0-4EDE-94CB-DAE3CCC9473E}.Release|Any CPU.Build.0 = Release|Any CPU
		{EC07CFDB-36AB-45EA-9D72-086D800785C7}.Debug|Any CPU.ActiveCfg = Debug|Any CPU
		{EC07CFDB-36AB-45EA-9D72-086D800785C7}.Debug|Any CPU.Build.0 = Debug|Any CPU
		{EC07CFDB-36AB-45EA-9D72-086D800785C7}.Release|Any CPU.ActiveCfg = Release|Any CPU
		{EC07CFDB-36AB-45EA-9D72-086D800785C7}.Release|Any CPU.Build.0 = Release|Any CPU
	EndGlobalSection
	GlobalSection(SolutionProperties) = preSolution
		HideSolutionNode = FALSE
	EndGlobalSection
	GlobalSection(ExtensibilityGlobals) = postSolution
		SolutionGuid = {E4714B3A-B550-47CB-B6F8-75F9CED19524}
	EndGlobalSection
EndGlobal
